// !$*UTF8*$!
{
	archiveVersion = 1;
	classes = {
	};
	objectVersion = 50;
	objects = {

/* Begin PBXBuildFile section */
		DA0F2E182464C0CB0057D10F /* AppDelegate.swift in Sources */ = {isa = PBXBuildFile; fileRef = DA0F2E172464C0CB0057D10F /* AppDelegate.swift */; };
		DA0F2E1A2464C0CB0057D10F /* SceneDelegate.swift in Sources */ = {isa = PBXBuildFile; fileRef = DA0F2E192464C0CB0057D10F /* SceneDelegate.swift */; };
		DA0F2E1D2464C0CB0057D10F /* GuessTheFlag.xcdatamodeld in Sources */ = {isa = PBXBuildFile; fileRef = DA0F2E1B2464C0CB0057D10F /* GuessTheFlag.xcdatamodeld */; };
		DA0F2E1F2464C0CB0057D10F /* ContentView.swift in Sources */ = {isa = PBXBuildFile; fileRef = DA0F2E1E2464C0CB0057D10F /* ContentView.swift */; };
		DA0F2E212464C0CC0057D10F /* Assets.xcassets in Resources */ = {isa = PBXBuildFile; fileRef = DA0F2E202464C0CC0057D10F /* Assets.xcassets */; };
		DA0F2E242464C0CC0057D10F /* Preview Assets.xcassets in Resources */ = {isa = PBXBuildFile; fileRef = DA0F2E232464C0CC0057D10F /* Preview Assets.xcassets */; };
		DA0F2E272464C0CC0057D10F /* LaunchScreen.storyboard in Resources */ = {isa = PBXBuildFile; fileRef = DA0F2E252464C0CC0057D10F /* LaunchScreen.storyboard */; };
		DA0F2E322464C0CC0057D10F /* GuessTheFlagTests.swift in Sources */ = {isa = PBXBuildFile; fileRef = DA0F2E312464C0CC0057D10F /* GuessTheFlagTests.swift */; };
		DA6471BE24673B9100DF931B /* FlatImage.swift in Sources */ = {isa = PBXBuildFile; fileRef = DA6471BD24673B9100DF931B /* FlatImage.swift */; };
		DA6471C124673C3C00DF931B /* View+Extension.swift in Sources */ = {isa = PBXBuildFile; fileRef = DA6471C024673C3C00DF931B /* View+Extension.swift */; };
/* End PBXBuildFile section */

/* Begin PBXContainerItemProxy section */
		DA0F2E2E2464C0CC0057D10F /* PBXContainerItemProxy */ = {
			isa = PBXContainerItemProxy;
			containerPortal = DA0F2E0C2464C0CB0057D10F /* Project object */;
			proxyType = 1;
			remoteGlobalIDString = DA0F2E132464C0CB0057D10F;
			remoteInfo = GuessTheFlag;
		};
/* End PBXContainerItemProxy section */

/* Begin PBXFileReference section */
		DA0F2E142464C0CB0057D10F /* GuessTheFlag.app */ = {isa = PBXFileReference; explicitFileType = wrapper.application; includeInIndex = 0; path = GuessTheFlag.app; sourceTree = BUILT_PRODUCTS_DIR; };
		DA0F2E172464C0CB0057D10F /* AppDelegate.swift */ = {isa = PBXFileReference; lastKnownFileType = sourcecode.swift; path = AppDelegate.swift; sourceTree = "<group>"; };
		DA0F2E192464C0CB0057D10F /* SceneDelegate.swift */ = {isa = PBXFileReference; lastKnownFileType = sourcecode.swift; path = SceneDelegate.swift; sourceTree = "<group>"; };
		DA0F2E1C2464C0CB0057D10F /* GuessTheFlag.xcdatamodel */ = {isa = PBXFileReference; lastKnownFileType = wrapper.xcdatamodel; path = GuessTheFlag.xcdatamodel; sourceTree = "<group>"; };
		DA0F2E1E2464C0CB0057D10F /* ContentView.swift */ = {isa = PBXFileReference; lastKnownFileType = sourcecode.swift; path = ContentView.swift; sourceTree = "<group>"; };
		DA0F2E202464C0CC0057D10F /* Assets.xcassets */ = {isa = PBXFileReference; lastKnownFileType = folder.assetcatalog; path = Assets.xcassets; sourceTree = "<group>"; };
		DA0F2E232464C0CC0057D10F /* Preview Assets.xcassets */ = {isa = PBXFileReference; lastKnownFileType = folder.assetcatalog; path = "Preview Assets.xcassets"; sourceTree = "<group>"; };
		DA0F2E262464C0CC0057D10F /* Base */ = {isa = PBXFileReference; lastKnownFileType = file.storyboard; name = Base; path = Base.lproj/LaunchScreen.storyboard; sourceTree = "<group>"; };
		DA0F2E282464C0CC0057D10F /* Info.plist */ = {isa = PBXFileReference; lastKnownFileType = text.plist.xml; path = Info.plist; sourceTree = "<group>"; };
		DA0F2E2D2464C0CC0057D10F /* GuessTheFlagTests.xctest */ = {isa = PBXFileReference; explicitFileType = wrapper.cfbundle; includeInIndex = 0; path = GuessTheFlagTests.xctest; sourceTree = BUILT_PRODUCTS_DIR; };
		DA0F2E312464C0CC0057D10F /* GuessTheFlagTests.swift */ = {isa = PBXFileReference; lastKnownFileType = sourcecode.swift; path = GuessTheFlagTests.swift; sourceTree = "<group>"; };
		DA0F2E332464C0CC0057D10F /* Info.plist */ = {isa = PBXFileReference; lastKnownFileType = text.plist.xml; path = Info.plist; sourceTree = "<group>"; };
		DA6471BD24673B9100DF931B /* FlatImage.swift */ = {isa = PBXFileReference; lastKnownFileType = sourcecode.swift; path = FlatImage.swift; sourceTree = "<group>"; };
		DA6471C024673C3C00DF931B /* View+Extension.swift */ = {isa = PBXFileReference; lastKnownFileType = sourcecode.swift; path = "View+Extension.swift"; sourceTree = "<group>"; };
/* End PBXFileReference section */

/* Begin PBXFrameworksBuildPhase section */
		DA0F2E112464C0CB0057D10F /* Frameworks */ = {
			isa = PBXFrameworksBuildPhase;
			buildActionMask = 2147483647;
			files = (
			);
			runOnlyForDeploymentPostprocessing = 0;
		};
		DA0F2E2A2464C0CC0057D10F /* Frameworks */ = {
			isa = PBXFrameworksBuildPhase;
			buildActionMask = 2147483647;
			files = (
			);
			runOnlyForDeploymentPostprocessing = 0;
		};
/* End PBXFrameworksBuildPhase section */

/* Begin PBXGroup section */
		DA0F2E0B2464C0CB0057D10F = {
			isa = PBXGroup;
			children = (
				DA0F2E162464C0CB0057D10F /* GuessTheFlag */,
				DA0F2E302464C0CC0057D10F /* GuessTheFlagTests */,
				DA0F2E152464C0CB0057D10F /* Products */,
			);
			sourceTree = "<group>";
		};
		DA0F2E152464C0CB0057D10F /* Products */ = {
			isa = PBXGroup;
			children = (
				DA0F2E142464C0CB0057D10F /* GuessTheFlag.app */,
				DA0F2E2D2464C0CC0057D10F /* GuessTheFlagTests.xctest */,
			);
			name = Products;
			sourceTree = "<group>";
		};
		DA0F2E162464C0CB0057D10F /* GuessTheFlag */ = {
			isa = PBXGroup;
			children = (
				DA6471BF24673C2900DF931B /* Extension */,
				DA0F2E3E2464C5990057D10F /* Resources */,
				DA0F2E3D2464C58E0057D10F /* DataLayer */,
				DA0F2E3C2464C57C0057D10F /* ViewLayer */,
				DA0F2E172464C0CB0057D10F /* AppDelegate.swift */,
				DA0F2E192464C0CB0057D10F /* SceneDelegate.swift */,
				DA0F2E282464C0CC0057D10F /* Info.plist */,
			);
			path = GuessTheFlag;
			sourceTree = "<group>";
		};
		DA0F2E222464C0CC0057D10F /* Preview Content */ = {
			isa = PBXGroup;
			children = (
				DA0F2E232464C0CC0057D10F /* Preview Assets.xcassets */,
			);
			path = "Preview Content";
			sourceTree = "<group>";
		};
		DA0F2E302464C0CC0057D10F /* GuessTheFlagTests */ = {
			isa = PBXGroup;
			children = (
				DA0F2E312464C0CC0057D10F /* GuessTheFlagTests.swift */,
				DA0F2E332464C0CC0057D10F /* Info.plist */,
			);
			path = GuessTheFlagTests;
			sourceTree = "<group>";
		};
		DA0F2E3C2464C57C0057D10F /* ViewLayer */ = {
			isa = PBXGroup;
			children = (
				DA6471BC24673B7300DF931B /* ViewModifiers */,
				DA0F2E1E2464C0CB0057D10F /* ContentView.swift */,
				DA0F2E252464C0CC0057D10F /* LaunchScreen.storyboard */,
			);
			path = ViewLayer;
			sourceTree = "<group>";
		};
		DA0F2E3D2464C58E0057D10F /* DataLayer */ = {
			isa = PBXGroup;
			children = (
				DA0F2E1B2464C0CB0057D10F /* GuessTheFlag.xcdatamodeld */,
			);
			path = DataLayer;
			sourceTree = "<group>";
		};
		DA0F2E3E2464C5990057D10F /* Resources */ = {
			isa = PBXGroup;
			children = (
				DA0F2E222464C0CC0057D10F /* Preview Content */,
				DA0F2E202464C0CC0057D10F /* Assets.xcassets */,
			);
			path = Resources;
			sourceTree = "<group>";
		};
		DA6471BC24673B7300DF931B /* ViewModifiers */ = {
			isa = PBXGroup;
			children = (
				DA6471BD24673B9100DF931B /* FlatImage.swift */,
			);
			path = ViewModifiers;
			sourceTree = "<group>";
		};
		DA6471BF24673C2900DF931B /* Extension */ = {
			isa = PBXGroup;
			children = (
				DA6471C024673C3C00DF931B /* View+Extension.swift */,
			);
			path = Extension;
			sourceTree = "<group>";
		};
/* End PBXGroup section */

/* Begin PBXNativeTarget section */
		DA0F2E132464C0CB0057D10F /* GuessTheFlag */ = {
			isa = PBXNativeTarget;
			buildConfigurationList = DA0F2E362464C0CC0057D10F /* Build configuration list for PBXNativeTarget "GuessTheFlag" */;
			buildPhases = (
				DA0F2E102464C0CB0057D10F /* Sources */,
				DA0F2E112464C0CB0057D10F /* Frameworks */,
				DA0F2E122464C0CB0057D10F /* Resources */,
			);
			buildRules = (
			);
			dependencies = (
			);
			name = GuessTheFlag;
			productName = GuessTheFlag;
			productReference = DA0F2E142464C0CB0057D10F /* GuessTheFlag.app */;
			productType = "com.apple.product-type.application";
		};
		DA0F2E2C2464C0CC0057D10F /* GuessTheFlagTests */ = {
			isa = PBXNativeTarget;
			buildConfigurationList = DA0F2E392464C0CC0057D10F /* Build configuration list for PBXNativeTarget "GuessTheFlagTests" */;
			buildPhases = (
				DA0F2E292464C0CC0057D10F /* Sources */,
				DA0F2E2A2464C0CC0057D10F /* Frameworks */,
				DA0F2E2B2464C0CC0057D10F /* Resources */,
			);
			buildRules = (
			);
			dependencies = (
				DA0F2E2F2464C0CC0057D10F /* PBXTargetDependency */,
			);
			name = GuessTheFlagTests;
			productName = GuessTheFlagTests;
			productReference = DA0F2E2D2464C0CC0057D10F /* GuessTheFlagTests.xctest */;
			productType = "com.apple.product-type.bundle.unit-test";
		};
/* End PBXNativeTarget section */

/* Begin PBXProject section */
		DA0F2E0C2464C0CB0057D10F /* Project object */ = {
			isa = PBXProject;
			attributes = {
				LastSwiftUpdateCheck = 1140;
				LastUpgradeCheck = 1140;
				ORGANIZATIONNAME = "Josh Franco";
				TargetAttributes = {
					DA0F2E132464C0CB0057D10F = {
						CreatedOnToolsVersion = 11.4.1;
					};
					DA0F2E2C2464C0CC0057D10F = {
						CreatedOnToolsVersion = 11.4.1;
						TestTargetID = DA0F2E132464C0CB0057D10F;
					};
				};
			};
			buildConfigurationList = DA0F2E0F2464C0CB0057D10F /* Build configuration list for PBXProject "GuessTheFlag" */;
			compatibilityVersion = "Xcode 9.3";
			developmentRegion = en;
			hasScannedForEncodings = 0;
			knownRegions = (
				en,
				Base,
			);
			mainGroup = DA0F2E0B2464C0CB0057D10F;
			productRefGroup = DA0F2E152464C0CB0057D10F /* Products */;
			projectDirPath = "";
			projectRoot = "";
			targets = (
				DA0F2E132464C0CB0057D10F /* GuessTheFlag */,
				DA0F2E2C2464C0CC0057D10F /* GuessTheFlagTests */,
			);
		};
/* End PBXProject section */

/* Begin PBXResourcesBuildPhase section */
		DA0F2E122464C0CB0057D10F /* Resources */ = {
			isa = PBXResourcesBuildPhase;
			buildActionMask = 2147483647;
			files = (
				DA0F2E272464C0CC0057D10F /* LaunchScreen.storyboard in Resources */,
				DA0F2E242464C0CC0057D10F /* Preview Assets.xcassets in Resources */,
				DA0F2E212464C0CC0057D10F /* Assets.xcassets in Resources */,
			);
			runOnlyForDeploymentPostprocessing = 0;
		};
		DA0F2E2B2464C0CC0057D10F /* Resources */ = {
			isa = PBXResourcesBuildPhase;
			buildActionMask = 2147483647;
			files = (
			);
			runOnlyForDeploymentPostprocessing = 0;
		};
/* End PBXResourcesBuildPhase section */

/* Begin PBXSourcesBuildPhase section */
		DA0F2E102464C0CB0057D10F /* Sources */ = {
			isa = PBXSourcesBuildPhase;
			buildActionMask = 2147483647;
			files = (
				DA0F2E1D2464C0CB0057D10F /* GuessTheFlag.xcdatamodeld in Sources */,
				DA0F2E182464C0CB0057D10F /* AppDelegate.swift in Sources */,
				DA6471BE24673B9100DF931B /* FlatImage.swift in Sources */,
				DA0F2E1F2464C0CB0057D10F /* ContentView.swift in Sources */,
				DA6471C124673C3C00DF931B /* View+Extension.swift in Sources */,
				DA0F2E1A2464C0CB0057D10F /* SceneDelegate.swift in Sources */,
			);
			runOnlyForDeploymentPostprocessing = 0;
		};
		DA0F2E292464C0CC0057D10F /* Sources */ = {
			isa = PBXSourcesBuildPhase;
			buildActionMask = 2147483647;
			files = (
				DA0F2E322464C0CC0057D10F /* GuessTheFlagTests.swift in Sources */,
			);
			runOnlyForDeploymentPostprocessing = 0;
		};
/* End PBXSourcesBuildPhase section */

/* Begin PBXTargetDependency section */
		DA0F2E2F2464C0CC0057D10F /* PBXTargetDependency */ = {
			isa = PBXTargetDependency;
			target = DA0F2E132464C0CB0057D10F /* GuessTheFlag */;
			targetProxy = DA0F2E2E2464C0CC0057D10F /* PBXContainerItemProxy */;
		};
/* End PBXTargetDependency section */

/* Begin PBXVariantGroup section */
		DA0F2E252464C0CC0057D10F /* LaunchScreen.storyboard */ = {
			isa = PBXVariantGroup;
			children = (
				DA0F2E262464C0CC0057D10F /* Base */,
			);
			name = LaunchScreen.storyboard;
			sourceTree = "<group>";
		};
/* End PBXVariantGroup section */

/* Begin XCBuildConfiguration section */
		DA0F2E342464C0CC0057D10F /* Debug */ = {
			isa = XCBuildConfiguration;
			buildSettings = {
				ALWAYS_SEARCH_USER_PATHS = NO;
				CLANG_ANALYZER_NONNULL = YES;
				CLANG_ANALYZER_NUMBER_OBJECT_CONVERSION = YES_AGGRESSIVE;
				CLANG_CXX_LANGUAGE_STANDARD = "gnu++14";
				CLANG_CXX_LIBRARY = "libc++";
				CLANG_ENABLE_MODULES = YES;
				CLANG_ENABLE_OBJC_ARC = YES;
				CLANG_ENABLE_OBJC_WEAK = YES;
				CLANG_WARN_BLOCK_CAPTURE_AUTORELEASING = YES;
				CLANG_WARN_BOOL_CONVERSION = YES;
				CLANG_WARN_COMMA = YES;
				CLANG_WARN_CONSTANT_CONVERSION = YES;
				CLANG_WARN_DEPRECATED_OBJC_IMPLEMENTATIONS = YES;
				CLANG_WARN_DIRECT_OBJC_ISA_USAGE = YES_ERROR;
				CLANG_WARN_DOCUMENTATION_COMMENTS = YES;
				CLANG_WARN_EMPTY_BODY = YES;
				CLANG_WARN_ENUM_CONVERSION = YES;
				CLANG_WARN_INFINITE_RECURSION = YES;
				CLANG_WARN_INT_CONVERSION = YES;
				CLANG_WARN_NON_LITERAL_NULL_CONVERSION = YES;
				CLANG_WARN_OBJC_IMPLICIT_RETAIN_SELF = YES;
				CLANG_WARN_OBJC_LITERAL_CONVERSION = YES;
				CLANG_WARN_OBJC_ROOT_CLASS = YES_ERROR;
				CLANG_WARN_RANGE_LOOP_ANALYSIS = YES;
				CLANG_WARN_STRICT_PROTOTYPES = YES;
				CLANG_WARN_SUSPICIOUS_MOVE = YES;
				CLANG_WARN_UNGUARDED_AVAILABILITY = YES_AGGRESSIVE;
				CLANG_WARN_UNREACHABLE_CODE = YES;
				CLANG_WARN__DUPLICATE_METHOD_MATCH = YES;
				COPY_PHASE_STRIP = NO;
				DEBUG_INFORMATION_FORMAT = dwarf;
				ENABLE_STRICT_OBJC_MSGSEND = YES;
				ENABLE_TESTABILITY = YES;
				GCC_C_LANGUAGE_STANDARD = gnu11;
				GCC_DYNAMIC_NO_PIC = NO;
				GCC_NO_COMMON_BLOCKS = YES;
				GCC_OPTIMIZATION_LEVEL = 0;
				GCC_PREPROCESSOR_DEFINITIONS = (
					"DEBUG=1",
					"$(inherited)",
				);
				GCC_WARN_64_TO_32_BIT_CONVERSION = YES;
				GCC_WARN_ABOUT_RETURN_TYPE = YES_ERROR;
				GCC_WARN_UNDECLARED_SELECTOR = YES;
				GCC_WARN_UNINITIALIZED_AUTOS = YES_AGGRESSIVE;
				GCC_WARN_UNUSED_FUNCTION = YES;
				GCC_WARN_UNUSED_VARIABLE = YES;
				IPHONEOS_DEPLOYMENT_TARGET = 13.4;
				MTL_ENABLE_DEBUG_INFO = INCLUDE_SOURCE;
				MTL_FAST_MATH = YES;
				ONLY_ACTIVE_ARCH = YES;
				SDKROOT = iphoneos;
				SWIFT_ACTIVE_COMPILATION_CONDITIONS = DEBUG;
				SWIFT_OPTIMIZATION_LEVEL = "-Onone";
			};
			name = Debug;
		};
		DA0F2E352464C0CC0057D10F /* Release */ = {
			isa = XCBuildConfiguration;
			buildSettings = {
				ALWAYS_SEARCH_USER_PATHS = NO;
				CLANG_ANALYZER_NONNULL = YES;
				CLANG_ANALYZER_NUMBER_OBJECT_CONVERSION = YES_AGGRESSIVE;
				CLANG_CXX_LANGUAGE_STANDARD = "gnu++14";
				CLANG_CXX_LIBRARY = "libc++";
				CLANG_ENABLE_MODULES = YES;
				CLANG_ENABLE_OBJC_ARC = YES;
				CLANG_ENABLE_OBJC_WEAK = YES;
				CLANG_WARN_BLOCK_CAPTURE_AUTORELEASING = YES;
				CLANG_WARN_BOOL_CONVERSION = YES;
				CLANG_WARN_COMMA = YES;
				CLANG_WARN_CONSTANT_CONVERSION = YES;
				CLANG_WARN_DEPRECATED_OBJC_IMPLEMENTATIONS = YES;
				CLANG_WARN_DIRECT_OBJC_ISA_USAGE = YES_ERROR;
				CLANG_WARN_DOCUMENTATION_COMMENTS = YES;
				CLANG_WARN_EMPTY_BODY = YES;
				CLANG_WARN_ENUM_CONVERSION = YES;
				CLANG_WARN_INFINITE_RECURSION = YES;
				CLANG_WARN_INT_CONVERSION = YES;
				CLANG_WARN_NON_LITERAL_NULL_CONVERSION = YES;
				CLANG_WARN_OBJC_IMPLICIT_RETAIN_SELF = YES;
				CLANG_WARN_OBJC_LITERAL_CONVERSION = YES;
				CLANG_WARN_OBJC_ROOT_CLASS = YES_ERROR;
				CLANG_WARN_RANGE_LOOP_ANALYSIS = YES;
				CLANG_WARN_STRICT_PROTOTYPES = YES;
				CLANG_WARN_SUSPICIOUS_MOVE = YES;
				CLANG_WARN_UNGUARDED_AVAILABILITY = YES_AGGRESSIVE;
				CLANG_WARN_UNREACHABLE_CODE = YES;
				CLANG_WARN__DUPLICATE_METHOD_MATCH = YES;
				COPY_PHASE_STRIP = NO;
				DEBUG_INFORMATION_FORMAT = "dwarf-with-dsym";
				ENABLE_NS_ASSERTIONS = NO;
				ENABLE_STRICT_OBJC_MSGSEND = YES;
				GCC_C_LANGUAGE_STANDARD = gnu11;
				GCC_NO_COMMON_BLOCKS = YES;
				GCC_WARN_64_TO_32_BIT_CONVERSION = YES;
				GCC_WARN_ABOUT_RETURN_TYPE = YES_ERROR;
				GCC_WARN_UNDECLARED_SELECTOR = YES;
				GCC_WARN_UNINITIALIZED_AUTOS = YES_AGGRESSIVE;
				GCC_WARN_UNUSED_FUNCTION = YES;
				GCC_WARN_UNUSED_VARIABLE = YES;
				IPHONEOS_DEPLOYMENT_TARGET = 13.4;
				MTL_ENABLE_DEBUG_INFO = NO;
				MTL_FAST_MATH = YES;
				SDKROOT = iphoneos;
				SWIFT_COMPILATION_MODE = wholemodule;
				SWIFT_OPTIMIZATION_LEVEL = "-O";
				VALIDATE_PRODUCT = YES;
			};
			name = Release;
		};
		DA0F2E372464C0CC0057D10F /* Debug */ = {
			isa = XCBuildConfiguration;
			buildSettings = {
				ASSETCATALOG_COMPILER_APPICON_NAME = AppIcon;
				CODE_SIGN_STYLE = Automatic;
				DEVELOPMENT_ASSET_PATHS = "\"GuessTheFlag/Resources/Preview Content\"";
				ENABLE_PREVIEWS = YES;
				INFOPLIST_FILE = GuessTheFlag/Info.plist;
				LD_RUNPATH_SEARCH_PATHS = (
					"$(inherited)",
					"@executable_path/Frameworks",
				);
				PRODUCT_BUNDLE_IDENTIFIER = jsfranco.GuessTheFlag;
				PRODUCT_NAME = "$(TARGET_NAME)";
				SWIFT_VERSION = 5.0;
				TARGETED_DEVICE_FAMILY = "1,2";
			};
			name = Debug;
		};
		DA0F2E382464C0CC0057D10F /* Release */ = {
			isa = XCBuildConfiguration;
			buildSettings = {
				ASSETCATALOG_COMPILER_APPICON_NAME = AppIcon;
				CODE_SIGN_STYLE = Automatic;
				DEVELOPMENT_ASSET_PATHS = "\"GuessTheFlag/Resources/Preview Content\"";
				ENABLE_PREVIEWS = YES;
				INFOPLIST_FILE = GuessTheFlag/Info.plist;
				LD_RUNPATH_SEARCH_PATHS = (
					"$(inherited)",
					"@executable_path/Frameworks",
				);
				PRODUCT_BUNDLE_IDENTIFIER = jsfranco.GuessTheFlag;
				PRODUCT_NAME = "$(TARGET_NAME)";
				SWIFT_VERSION = 5.0;
				TARGETED_DEVICE_FAMILY = "1,2";
			};
			name = Release;
		};
		DA0F2E3A2464C0CC0057D10F /* Debug */ = {
			isa = XCBuildConfiguration;
			buildSettings = {
				ALWAYS_EMBED_SWIFT_STANDARD_LIBRARIES = YES;
				BUNDLE_LOADER = "$(TEST_HOST)";
				CODE_SIGN_STYLE = Automatic;
				INFOPLIST_FILE = GuessTheFlagTests/Info.plist;
				IPHONEOS_DEPLOYMENT_TARGET = 13.4;
				LD_RUNPATH_SEARCH_PATHS = (
					"$(inherited)",
					"@executable_path/Frameworks",
					"@loader_path/Frameworks",
				);
				PRODUCT_BUNDLE_IDENTIFIER = jsfranco.GuessTheFlagTests;
				PRODUCT_NAME = "$(TARGET_NAME)";
				SWIFT_VERSION = 5.0;
				TARGETED_DEVICE_FAMILY = "1,2";
				TEST_HOST = "$(BUILT_PRODUCTS_DIR)/GuessTheFlag.app/GuessTheFlag";
			};
			name = Debug;
		};
		DA0F2E3B2464C0CC0057D10F /* Release */ = {
			isa = XCBuildConfiguration;
			buildSettings = {
				ALWAYS_EMBED_SWIFT_STANDARD_LIBRARIES = YES;
				BUNDLE_LOADER = "$(TEST_HOST)";
				CODE_SIGN_STYLE = Automatic;
				INFOPLIST_FILE = GuessTheFlagTests/Info.plist;
				IPHONEOS_DEPLOYMENT_TARGET = 13.4;
				LD_RUNPATH_SEARCH_PATHS = (
					"$(inherited)",
					"@executable_path/Frameworks",
					"@loader_path/Frameworks",
				);
				PRODUCT_BUNDLE_IDENTIFIER = jsfranco.GuessTheFlagTests;
				PRODUCT_NAME = "$(TARGET_NAME)";
				SWIFT_VERSION = 5.0;
				TARGETED_DEVICE_FAMILY = "1,2";
				TEST_HOST = "$(BUILT_PRODUCTS_DIR)/GuessTheFlag.app/GuessTheFlag";
			};
			name = Release;
		};
/* End XCBuildConfiguration section */

/* Begin XCConfigurationList section */
		DA0F2E0F2464C0CB0057D10F /* Build configuration list for PBXProject "GuessTheFlag" */ = {
			isa = XCConfigurationList;
			buildConfigurations = (
				DA0F2E342464C0CC0057D10F /* Debug */,
				DA0F2E352464C0CC0057D10F /* Release */,
			);
			defaultConfigurationIsVisible = 0;
			defaultConfigurationName = Release;
		};
		DA0F2E362464C0CC0057D10F /* Build configuration list for PBXNativeTarget "GuessTheFlag" */ = {
			isa = XCConfigurationList;
			buildConfigurations = (
				DA0F2E372464C0CC0057D10F /* Debug */,
				DA0F2E382464C0CC0057D10F /* Release */,
			);
			defaultConfigurationIsVisible = 0;
			defaultConfigurationName = Release;
		};
		DA0F2E392464C0CC0057D10F /* Build configuration list for PBXNativeTarget "GuessTheFlagTests" */ = {
			isa = XCConfigurationList;
			buildConfigurations = (
				DA0F2E3A2464C0CC0057D10F /* Debug */,
				DA0F2E3B2464C0CC0057D10F /* Release */,
			);
			defaultConfigurationIsVisible = 0;
			defaultConfigurationName = Release;
		};
/* End XCConfigurationList section */

/* Begin XCVersionGroup section */
		DA0F2E1B2464C0CB0057D10F /* GuessTheFlag.xcdatamodeld */ = {
			isa = XCVersionGroup;
			children = (
				DA0F2E1C2464C0CB0057D10F /* GuessTheFlag.xcdatamodel */,
			);
			currentVersion = DA0F2E1C2464C0CB0057D10F /* GuessTheFlag.xcdatamodel */;
			path = GuessTheFlag.xcdatamodeld;
			sourceTree = "<group>";
			versionGroupType = wrapper.xcdatamodel;
		};
/* End XCVersionGroup section */
	};
	rootObject = DA0F2E0C2464C0CB0057D10F /* Project object */;
}
